
Microsoft Visual Studio Solution File, Format Version 12.00
# Visual Studio Version 17
VisualStudioVersion = 17.0.31903.59
MinimumVisualStudioVersion = 10.0.40219.1
Project("{2150E333-8FDC-42A3-9474-1A3956D46DE8}") = "src", "src", "{827E0CD3-B72D-47B6-A68D-7590B98EB39B}"
EndProject
Project("{FAE04EC0-301F-11D3-BF4B-00C04F79EFBC}") = "MechanicShop.Api", "src\MechanicShop.Api\MechanicShop.Api.csproj", "{9CD7B8FA-1338-4DB2-934E-C9C98359D954}"
EndProject
Project("{FAE04EC0-301F-11D3-BF4B-00C04F79EFBC}") = "MechanicShop.Application", "src\MechanicShop.Application\MechanicShop.Application.csproj", "{55340FB3-AD68-4201-9219-B9E2FBBB97A5}"
EndProject
Project("{FAE04EC0-301F-11D3-BF4B-00C04F79EFBC}") = "MechanicShop.Contracts", "src\MechanicShop.Contracts\MechanicShop.Contracts.csproj", "{D8E26A1F-78BA-44D3-8FD0-307AA5C27463}"
EndProject
Project("{FAE04EC0-301F-11D3-BF4B-00C04F79EFBC}") = "MechanicShop.Domain", "src\MechanicShop.Domain\MechanicShop.Domain.csproj", "{483F868B-9ABC-45E4-A5F3-FE55B03EF380}"
EndProject
Project("{FAE04EC0-301F-11D3-BF4B-00C04F79EFBC}") = "MechanicShop.Infrastructure", "src\MechanicShop.Infrastructure\MechanicShop.Infrastructure.csproj", "{91865EAC-62E5-4D3F-9755-BD1E926EB5F3}"
EndProject
Project("{2150E333-8FDC-42A3-9474-1A3956D46DE8}") = "tests", "tests", "{0AB3BF05-4346-4AA6-1389-037BE0695223}"
EndProject
Project("{FAE04EC0-301F-11D3-BF4B-00C04F79EFBC}") = "MechanicShop.Api.IntegrationTests", "tests\MechanicShop.Api.IntegrationTests\MechanicShop.Api.IntegrationTests.csproj", "{C178B52E-2DB2-4094-A51C-61784A846BC8}"
EndProject
Project("{FAE04EC0-301F-11D3-BF4B-00C04F79EFBC}") = "MechanicShop.Tests.Common", "tests\MechanicShop.Tests.Common\MechanicShop.Tests.Common.csproj", "{83D41E63-0824-4030-B8FB-E1258984C23A}"
EndProject
Project("{FAE04EC0-301F-11D3-BF4B-00C04F79EFBC}") = "MechanicShop.Application.SubcutaneousTests", "tests\MechanicShop.Application.SubcutaneousTests\MechanicShop.Application.SubcutaneousTests.csproj", "{5284D460-88D6-41B9-A7A6-522818D081AB}"
EndProject
Project("{FAE04EC0-301F-11D3-BF4B-00C04F79EFBC}") = "MechanicShop.Application.UnitTests", "tests\MechanicShop.Application.UnitTests\MechanicShop.Application.UnitTests.csproj", "{F80BB496-E33E-4151-AEAA-33370B249C25}"
EndProject
Project("{FAE04EC0-301F-11D3-BF4B-00C04F79EFBC}") = "MechanicShop.Domain.UnitTests", "tests\MechanicShop.Domain.UnitTests\MechanicShop.Domain.UnitTests.csproj", "{F4D3B405-9359-42E9-A175-ED07C0FFF468}"
EndProject
Global
	GlobalSection(SolutionConfigurationPlatforms) = preSolution
		Debug|Any CPU = Debug|Any CPU
		Debug|x64 = Debug|x64
		Debug|x86 = Debug|x86
		Release|Any CPU = Release|Any CPU
		Release|x64 = Release|x64
		Release|x86 = Release|x86
	EndGlobalSection
	GlobalSection(ProjectConfigurationPlatforms) = postSolution
		{9CD7B8FA-1338-4DB2-934E-C9C98359D954}.Debug|Any CPU.ActiveCfg = Debug|Any CPU
		{9CD7B8FA-1338-4DB2-934E-C9C98359D954}.Debug|Any CPU.Build.0 = Debug|Any CPU
		{9CD7B8FA-1338-4DB2-934E-C9C98359D954}.Debug|x64.ActiveCfg = Debug|Any CPU
		{9CD7B8FA-1338-4DB2-934E-C9C98359D954}.Debug|x64.Build.0 = Debug|Any CPU
		{9CD7B8FA-1338-4DB2-934E-C9C98359D954}.Debug|x86.ActiveCfg = Debug|Any CPU
		{9CD7B8FA-1338-4DB2-934E-C9C98359D954}.Debug|x86.Build.0 = Debug|Any CPU
		{9CD7B8FA-1338-4DB2-934E-C9C98359D954}.Release|Any CPU.ActiveCfg = Release|Any CPU
		{9CD7B8FA-1338-4DB2-934E-C9C98359D954}.Release|Any CPU.Build.0 = Release|Any CPU
		{9CD7B8FA-1338-4DB2-934E-C9C98359D954}.Release|x64.ActiveCfg = Release|Any CPU
		{9CD7B8FA-1338-4DB2-934E-C9C98359D954}.Release|x64.Build.0 = Release|Any CPU
		{9CD7B8FA-1338-4DB2-934E-C9C98359D954}.Release|x86.ActiveCfg = Release|Any CPU
		{9CD7B8FA-1338-4DB2-934E-C9C98359D954}.Release|x86.Build.0 = Release|Any CPU
		{55340FB3-AD68-4201-9219-B9E2FBBB97A5}.Debug|Any CPU.ActiveCfg = Debug|Any CPU
		{55340FB3-AD68-4201-9219-B9E2FBBB97A5}.Debug|Any CPU.Build.0 = Debug|Any CPU
		{55340FB3-AD68-4201-9219-B9E2FBBB97A5}.Debug|x64.ActiveCfg = Debug|Any CPU
		{55340FB3-AD68-4201-9219-B9E2FBBB97A5}.Debug|x64.Build.0 = Debug|Any CPU
		{55340FB3-AD68-4201-9219-B9E2FBBB97A5}.Debug|x86.ActiveCfg = Debug|Any CPU
		{55340FB3-AD68-4201-9219-B9E2FBBB97A5}.Debug|x86.Build.0 = Debug|Any CPU
		{55340FB3-AD68-4201-9219-B9E2FBBB97A5}.Release|Any CPU.ActiveCfg = Release|Any CPU
		{55340FB3-AD68-4201-9219-B9E2FBBB97A5}.Release|Any CPU.Build.0 = Release|Any CPU
		{55340FB3-AD68-4201-9219-B9E2FBBB97A5}.Release|x64.ActiveCfg = Release|Any CPU
		{55340FB3-AD68-4201-9219-B9E2FBBB97A5}.Release|x64.Build.0 = Release|Any CPU
		{55340FB3-AD68-4201-9219-B9E2FBBB97A5}.Release|x86.ActiveCfg = Release|Any CPU
		{55340FB3-AD68-4201-9219-B9E2FBBB97A5}.Release|x86.Build.0 = Release|Any CPU
		{D8E26A1F-78BA-44D3-8FD0-307AA5C27463}.Debug|Any CPU.ActiveCfg = Debug|Any CPU
		{D8E26A1F-78BA-44D3-8FD0-307AA5C27463}.Debug|Any CPU.Build.0 = Debug|Any CPU
		{D8E26A1F-78BA-44D3-8FD0-307AA5C27463}.Debug|x64.ActiveCfg = Debug|Any CPU
		{D8E26A1F-78BA-44D3-8FD0-307AA5C27463}.Debug|x64.Build.0 = Debug|Any CPU
		{D8E26A1F-78BA-44D3-8FD0-307AA5C27463}.Debug|x86.ActiveCfg = Debug|Any CPU
		{D8E26A1F-78BA-44D3-8FD0-307AA5C27463}.Debug|x86.Build.0 = Debug|Any CPU
		{D8E26A1F-78BA-44D3-8FD0-307AA5C27463}.Release|Any CPU.ActiveCfg = Release|Any CPU
		{D8E26A1F-78BA-44D3-8FD0-307AA5C27463}.Release|Any CPU.Build.0 = Release|Any CPU
		{D8E26A1F-78BA-44D3-8FD0-307AA5C27463}.Release|x64.ActiveCfg = Release|Any CPU
		{D8E26A1F-78BA-44D3-8FD0-307AA5C27463}.Release|x64.Build.0 = Release|Any CPU
		{D8E26A1F-78BA-44D3-8FD0-307AA5C27463}.Release|x86.ActiveCfg = Release|Any CPU
		{D8E26A1F-78BA-44D3-8FD0-307AA5C27463}.Release|x86.Build.0 = Release|Any CPU
		{483F868B-9ABC-45E4-A5F3-FE55B03EF380}.Debug|Any CPU.ActiveCfg = Debug|Any CPU
		{483F868B-9ABC-45E4-A5F3-FE55B03EF380}.Debug|Any CPU.Build.0 = Debug|Any CPU
		{483F868B-9ABC-45E4-A5F3-FE55B03EF380}.Debug|x64.ActiveCfg = Debug|Any CPU
		{483F868B-9ABC-45E4-A5F3-FE55B03EF380}.Debug|x64.Build.0 = Debug|Any CPU
		{483F868B-9ABC-45E4-A5F3-FE55B03EF380}.Debug|x86.ActiveCfg = Debug|Any CPU
		{483F868B-9ABC-45E4-A5F3-FE55B03EF380}.Debug|x86.Build.0 = Debug|Any CPU
		{483F868B-9ABC-45E4-A5F3-FE55B03EF380}.Release|Any CPU.ActiveCfg = Release|Any CPU
		{483F868B-9ABC-45E4-A5F3-FE55B03EF380}.Release|Any CPU.Build.0 = Release|Any CPU
		{483F868B-9ABC-45E4-A5F3-FE55B03EF380}.Release|x64.ActiveCfg = Release|Any CPU
		{483F868B-9ABC-45E4-A5F3-FE55B03EF380}.Release|x64.Build.0 = Release|Any CPU
		{483F868B-9ABC-45E4-A5F3-FE55B03EF380}.Release|x86.ActiveCfg = Release|Any CPU
		{483F868B-9ABC-45E4-A5F3-FE55B03EF380}.Release|x86.Build.0 = Release|Any CPU
		{91865EAC-62E5-4D3F-9755-BD1E926EB5F3}.Debug|Any CPU.ActiveCfg = Debug|Any CPU
		{91865EAC-62E5-4D3F-9755-BD1E926EB5F3}.Debug|Any CPU.Build.0 = Debug|Any CPU
		{91865EAC-62E5-4D3F-9755-BD1E926EB5F3}.Debug|x64.ActiveCfg = Debug|Any CPU
		{91865EAC-62E5-4D3F-9755-BD1E926EB5F3}.Debug|x64.Build.0 = Debug|Any CPU
		{91865EAC-62E5-4D3F-9755-BD1E926EB5F3}.Debug|x86.ActiveCfg = Debug|Any CPU
		{91865EAC-62E5-4D3F-9755-BD1E926EB5F3}.Debug|x86.Build.0 = Debug|Any CPU
		{91865EAC-62E5-4D3F-9755-BD1E926EB5F3}.Release|Any CPU.ActiveCfg = Release|Any CPU
		{91865EAC-62E5-4D3F-9755-BD1E926EB5F3}.Release|Any CPU.Build.0 = Release|Any CPU
		{91865EAC-62E5-4D3F-9755-BD1E926EB5F3}.Release|x64.ActiveCfg = Release|Any CPU
		{91865EAC-62E5-4D3F-9755-BD1E926EB5F3}.Release|x64.Build.0 = Release|Any CPU
		{91865EAC-62E5-4D3F-9755-BD1E926EB5F3}.Release|x86.ActiveCfg = Release|Any CPU
		{91865EAC-62E5-4D3F-9755-BD1E926EB5F3}.Release|x86.Build.0 = Release|Any CPU
		{C178B52E-2DB2-4094-A51C-61784A846BC8}.Debug|Any CPU.ActiveCfg = Debug|Any CPU
		{C178B52E-2DB2-4094-A51C-61784A846BC8}.Debug|Any CPU.Build.0 = Debug|Any CPU
		{C178B52E-2DB2-4094-A51C-61784A846BC8}.Debug|x64.ActiveCfg = Debug|Any CPU
		{C178B52E-2DB2-4094-A51C-61784A846BC8}.Debug|x64.Build.0 = Debug|Any CPU
		{C178B52E-2DB2-4094-A51C-61784A846BC8}.Debug|x86.ActiveCfg = Debug|Any CPU
		{C178B52E-2DB2-4094-A51C-61784A846BC8}.Debug|x86.Build.0 = Debug|Any CPU
		{C178B52E-2DB2-4094-A51C-61784A846BC8}.Release|Any CPU.ActiveCfg = Release|Any CPU
		{C178B52E-2DB2-4094-A51C-61784A846BC8}.Release|Any CPU.Build.0 = Release|Any CPU
		{C178B52E-2DB2-4094-A51C-61784A846BC8}.Release|x64.ActiveCfg = Release|Any CPU
		{C178B52E-2DB2-4094-A51C-61784A846BC8}.Release|x64.Build.0 = Release|Any CPU
		{C178B52E-2DB2-4094-A51C-61784A846BC8}.Release|x86.ActiveCfg = Release|Any CPU
		{C178B52E-2DB2-4094-A51C-61784A846BC8}.Release|x86.Build.0 = Release|Any CPU
		{83D41E63-0824-4030-B8FB-E1258984C23A}.Debug|Any CPU.ActiveCfg = Debug|Any CPU
		{83D41E63-0824-4030-B8FB-E1258984C23A}.Debug|Any CPU.Build.0 = Debug|Any CPU
		{83D41E63-0824-4030-B8FB-E1258984C23A}.Debug|x64.ActiveCfg = Debug|Any CPU
		{83D41E63-0824-4030-B8FB-E1258984C23A}.Debug|x64.Build.0 = Debug|Any CPU
		{83D41E63-0824-4030-B8FB-E1258984C23A}.Debug|x86.ActiveCfg = Debug|Any CPU
		{83D41E63-0824-4030-B8FB-E1258984C23A}.Debug|x86.Build.0 = Debug|Any CPU
		{83D41E63-0824-4030-B8FB-E1258984C23A}.Release|Any CPU.ActiveCfg = Release|Any CPU
		{83D41E63-0824-4030-B8FB-E1258984C23A}.Release|Any CPU.Build.0 = Release|Any CPU
		{83D41E63-0824-4030-B8FB-E1258984C23A}.Release|x64.ActiveCfg = Release|Any CPU
		{83D41E63-0824-4030-B8FB-E1258984C23A}.Release|x64.Build.0 = Release|Any CPU
		{83D41E63-0824-4030-B8FB-E1258984C23A}.Release|x86.ActiveCfg = Release|Any CPU
		{83D41E63-0824-4030-B8FB-E1258984C23A}.Release|x86.Build.0 = Release|Any CPU
		{5284D460-88D6-41B9-A7A6-522818D081AB}.Debug|Any CPU.ActiveCfg = Debug|Any CPU
		{5284D460-88D6-41B9-A7A6-522818D081AB}.Debug|Any CPU.Build.0 = Debug|Any CPU
		{5284D460-88D6-41B9-A7A6-522818D081AB}.Debug|x64.ActiveCfg = Debug|Any CPU
		{5284D460-88D6-41B9-A7A6-522818D081AB}.Debug|x64.Build.0 = Debug|Any CPU
		{5284D460-88D6-41B9-A7A6-522818D081AB}.Debug|x86.ActiveCfg = Debug|Any CPU
		{5284D460-88D6-41B9-A7A6-522818D081AB}.Debug|x86.Build.0 = Debug|Any CPU
		{5284D460-88D6-41B9-A7A6-522818D081AB}.Release|Any CPU.ActiveCfg = Release|Any CPU
		{5284D460-88D6-41B9-A7A6-522818D081AB}.Release|Any CPU.Build.0 = Release|Any CPU
		{5284D460-88D6-41B9-A7A6-522818D081AB}.Release|x64.ActiveCfg = Release|Any CPU
		{5284D460-88D6-41B9-A7A6-522818D081AB}.Release|x64.Build.0 = Release|Any CPU
		{5284D460-88D6-41B9-A7A6-522818D081AB}.Release|x86.ActiveCfg = Release|Any CPU
		{5284D460-88D6-41B9-A7A6-522818D081AB}.Release|x86.Build.0 = Release|Any CPU
		{F80BB496-E33E-4151-AEAA-33370B249C25}.Debug|Any CPU.ActiveCfg = Debug|Any CPU
		{F80BB496-E33E-4151-AEAA-33370B249C25}.Debug|Any CPU.Build.0 = Debug|Any CPU
		{F80BB496-E33E-4151-AEAA-33370B249C25}.Debug|x64.ActiveCfg = Debug|Any CPU
		{F80BB496-E33E-4151-AEAA-33370B249C25}.Debug|x64.Build.0 = Debug|Any CPU
		{F80BB496-E33E-4151-AEAA-33370B249C25}.Debug|x86.ActiveCfg = Debug|Any CPU
		{F80BB496-E33E-4151-AEAA-33370B249C25}.Debug|x86.Build.0 = Debug|Any CPU
		{F80BB496-E33E-4151-AEAA-33370B249C25}.Release|Any CPU.ActiveCfg = Release|Any CPU
		{F80BB496-E33E-4151-AEAA-33370B249C25}.Release|Any CPU.Build.0 = Release|Any CPU
		{F80BB496-E33E-4151-AEAA-33370B249C25}.Release|x64.ActiveCfg = Release|Any CPU
		{F80BB496-E33E-4151-AEAA-33370B249C25}.Release|x64.Build.0 = Release|Any CPU
		{F80BB496-E33E-4151-AEAA-33370B249C25}.Release|x86.ActiveCfg = Release|Any CPU
		{F80BB496-E33E-4151-AEAA-33370B249C25}.Release|x86.Build.0 = Release|Any CPU
		{F4D3B405-9359-42E9-A175-ED07C0FFF468}.Debug|Any CPU.ActiveCfg = Debug|Any CPU
		{F4D3B405-9359-42E9-A175-ED07C0FFF468}.Debug|Any CPU.Build.0 = Debug|Any CPU
		{F4D3B405-9359-42E9-A175-ED07C0FFF468}.Debug|x64.ActiveCfg = Debug|Any CPU
		{F4D3B405-9359-42E9-A175-ED07C0FFF468}.Debug|x64.Build.0 = Debug|Any CPU
		{F4D3B405-9359-42E9-A175-ED07C0FFF468}.Debug|x86.ActiveCfg = Debug|Any CPU
		{F4D3B405-9359-42E9-A175-ED07C0FFF468}.Debug|x86.Build.0 = Debug|Any CPU
		{F4D3B405-9359-42E9-A175-ED07C0FFF468}.Release|Any CPU.ActiveCfg = Release|Any CPU
		{F4D3B405-9359-42E9-A175-ED07C0FFF468}.Release|Any CPU.Build.0 = Release|Any CPU
		{F4D3B405-9359-42E9-A175-ED07C0FFF468}.Release|x64.ActiveCfg = Release|Any CPU
		{F4D3B405-9359-42E9-A175-ED07C0FFF468}.Release|x64.Build.0 = Release|Any CPU
		{F4D3B405-9359-42E9-A175-ED07C0FFF468}.Release|x86.ActiveCfg = Release|Any CPU
		{F4D3B405-9359-42E9-A175-ED07C0FFF468}.Release|x86.Build.0 = Release|Any CPU
	EndGlobalSection
	GlobalSection(SolutionProperties) = preSolution
		HideSolutionNode = FALSE
	EndGlobalSection
	GlobalSection(NestedProjects) = preSolution
		{9CD7B8FA-1338-4DB2-934E-C9C98359D954} = {827E0CD3-B72D-47B6-A68D-7590B98EB39B}
		{55340FB3-AD68-4201-9219-B9E2FBBB97A5} = {827E0CD3-B72D-47B6-A68D-7590B98EB39B}
		{D8E26A1F-78BA-44D3-8FD0-307AA5C27463} = {827E0CD3-B72D-47B6-A68D-7590B98EB39B}
		{483F868B-9ABC-45E4-A5F3-FE55B03EF380} = {827E0CD3-B72D-47B6-A68D-7590B98EB39B}
		{91865EAC-62E5-4D3F-9755-BD1E926EB5F3} = {827E0CD3-B72D-47B6-A68D-7590B98EB39B}
		{C178B52E-2DB2-4094-A51C-61784A846BC8} = {0AB3BF05-4346-4AA6-1389-037BE0695223}
		{83D41E63-0824-4030-B8FB-E1258984C23A} = {0AB3BF05-4346-4AA6-1389-037BE0695223}
		{5284D460-88D6-41B9-A7A6-522818D081AB} = {0AB3BF05-4346-4AA6-1389-037BE0695223}
		{F80BB496-E33E-4151-AEAA-33370B249C25} = {0AB3BF05-4346-4AA6-1389-037BE0695223}
		{F4D3B405-9359-42E9-A175-ED07C0FFF468} = {0AB3BF05-4346-4AA6-1389-037BE0695223}
	EndGlobalSection
EndGlobal
